
Microsoft Visual Studio Solution File, Format Version 12.00
# Visual Studio Version 17
VisualStudioVersion = 17.12.35527.113
MinimumVisualStudioVersion = 10.0.40219.1
Project("{FAE04EC0-301F-11D3-BF4B-00C04F79EFBC}") = "Spigol.Core", "Spigol.Core\Spigol.Core.csproj", "{8099EDF3-4DEF-4186-8E93-08D200D92717}"
EndProject
Project("{FAE04EC0-301F-11D3-BF4B-00C04F79EFBC}") = "Spigol.Tests", "Spigol.Tests\Spigol.Tests.csproj", "{2682FA55-A249-49EB-8B61-482A19C1DB2E}"
EndProject
Project("{FAE04EC0-301F-11D3-BF4B-00C04F79EFBC}") = "Spigol.API", "Spigol.API\Spigol.API.csproj", "{7340884B-F5D6-45F2-AEA6-71CB53CF11E4}"
EndProject
Global
	GlobalSection(SolutionConfigurationPlatforms) = preSolution
		Debug|Any CPU = Debug|Any CPU
		Release|Any CPU = Release|Any CPU
	EndGlobalSection
	GlobalSection(ProjectConfigurationPlatforms) = postSolution
		{8099EDF3-4DEF-4186-8E93-08D200D92717}.Debug|Any CPU.ActiveCfg = Debug|Any CPU
		{8099EDF3-4DEF-4186-8E93-08D200D92717}.Debug|Any CPU.Build.0 = Debug|Any CPU
		{8099EDF3-4DEF-4186-8E93-08D200D92717}.Release|Any CPU.ActiveCfg = Release|Any CPU
		{8099EDF3-4DEF-4186-8E93-08D200D92717}.Release|Any CPU.Build.0 = Release|Any CPU
		{2682FA55-A249-49EB-8B61-482A19C1DB2E}.Debug|Any CPU.ActiveCfg = Debug|Any CPU
		{2682FA55-A249-49EB-8B61-482A19C1DB2E}.Debug|Any CPU.Build.0 = Debug|Any CPU
		{2682FA55-A249-49EB-8B61-482A19C1DB2E}.Release|Any CPU.ActiveCfg = Release|Any CPU
		{2682FA55-A249-49EB-8B61-482A19C1DB2E}.Release|Any CPU.Build.0 = Release|Any CPU
		{7340884B-F5D6-45F2-AEA6-71CB53CF11E4}.Debug|Any CPU.ActiveCfg = Debug|Any CPU
		{7340884B-F5D6-45F2-AEA6-71CB53CF11E4}.Debug|Any CPU.Build.0 = Debug|Any CPU
		{7340884B-F5D6-45F2-AEA6-71CB53CF11E4}.Release|Any CPU.ActiveCfg = Release|Any CPU
		{7340884B-F5D6-45F2-AEA6-71CB53CF11E4}.Release|Any CPU.Build.0 = Release|Any CPU
	EndGlobalSection
	GlobalSection(SolutionProperties) = preSolution
		HideSolutionNode = FALSE
	EndGlobalSection
EndGlobal
